
Microsoft Visual Studio Solution File, Format Version 12.00
# Visual Studio 15
VisualStudioVersion = 15.0.26730.12
MinimumVisualStudioVersion = 10.0.40219.1
Project("{FAE04EC0-301F-11D3-BF4B-00C04F79EFBC}") = "LogTester", "LogTester\LogTester.csproj", "{4B6A8A10-DAF9-4677-87C1-57B93D070A72}"
EndProject
Project("{FAE04EC0-301F-11D3-BF4B-00C04F79EFBC}") = "ElasticSearchLogging", "ElasticSearchLogging\ElasticSearchLogging.csproj", "{0098AFF5-49F5-45FF-A7D1-DA3337431BC8}"
EndProject
Global
	GlobalSection(SolutionConfigurationPlatforms) = preSolution
		Debug|Any CPU = Debug|Any CPU
		Release|Any CPU = Release|Any CPU
	EndGlobalSection
	GlobalSection(ProjectConfigurationPlatforms) = postSolution
		{4B6A8A10-DAF9-4677-87C1-57B93D070A72}.Debug|Any CPU.ActiveCfg = Debug|Any CPU
		{4B6A8A10-DAF9-4677-87C1-57B93D070A72}.Debug|Any CPU.Build.0 = Debug|Any CPU
		{4B6A8A10-DAF9-4677-87C1-57B93D070A72}.Release|Any CPU.ActiveCfg = Release|Any CPU
		{4B6A8A10-DAF9-4677-87C1-57B93D070A72}.Release|Any CPU.Build.0 = Release|Any CPU
		{0098AFF5-49F5-45FF-A7D1-DA3337431BC8}.Debug|Any CPU.ActiveCfg = Debug|Any CPU
		{0098AFF5-49F5-45FF-A7D1-DA3337431BC8}.Debug|Any CPU.Build.0 = Debug|Any CPU
		{0098AFF5-49F5-45FF-A7D1-DA3337431BC8}.Release|Any CPU.ActiveCfg = Release|Any CPU
		{0098AFF5-49F5-45FF-A7D1-DA3337431BC8}.Release|Any CPU.Build.0 = Release|Any CPU
	EndGlobalSection
	GlobalSection(SolutionProperties) = preSolution
		HideSolutionNode = FALSE
	EndGlobalSection
	GlobalSection(ExtensibilityGlobals) = postSolution
		SolutionGuid = {DD97DD83-1D35-4E93-9E5F-31DBEEAE5E92}
	EndGlobalSection
EndGlobal
